%{"bbmustache": {:hex, :bbmustache, "1.0.4", "7ba94f971c5afd7b6617918a4bb74705e36cab36eb84b19b6a1b7ee06427aa38", [:rebar], []},
  "certifi": {:hex, :certifi, "0.4.0", "a7966efb868b179023618d29a407548f70c52466bf1849b9e8ebd0e34b7ea11f", [:rebar3], []},
  "cf": {:hex, :cf, "0.2.1", "69d0b1349fd4d7d4dc55b7f407d29d7a840bf9a1ef5af529f1ebe0ce153fc2ab", [:rebar3], []},
  "combine": {:hex, :combine, "0.9.1", "5fd778ee77032ae593bf79aedb8519d9e36283e4f869abd98c2d6029ca476db8", [:mix], []},
  "earmark": {:hex, :earmark, "0.2.1", "ba6d26ceb16106d069b289df66751734802777a3cbb6787026dd800ffeb850f3", [:mix], []},
  "erlware_commons": {:hex, :erlware_commons, "0.19.0", "7b43caf2c91950c5f60dc20451e3c3afba44d3d4f7f27bcdc52469285a5a3e70", [:rebar3], [{:cf, "0.2.1", [hex: :cf, optional: false]}]},
  "ex_doc": {:hex, :ex_doc, "0.11.4", "a064bdb720594c3745b94709b17ffb834fd858b4e0c1f48f37c0d92700759e02", [:mix], [{:earmark, "~> 0.1.17 or ~> 0.2", [hex: :earmark, optional: true]}]},
  "excoveralls": {:hex, :excoveralls, "0.5.1", "5b55d62b384c7edda8b26b52b1a9fc9358fec2e6b157a81071de5cb8a42e4721", [:mix], [{:hackney, ">= 0.12.0", [hex: :hackney, optional: false]}, {:exjsx, "~> 3.0", [hex: :exjsx, optional: false]}]},
  "exjsx": {:hex, :exjsx, "3.2.0", "7136cc739ace295fc74c378f33699e5145bead4fdc1b4799822d0287489136fb", [:mix], [{:jsx, "~> 2.6.2", [hex: :jsx, optional: false]}]},
  "exrm": {:hex, :exrm, "1.0.0", "951c14100019ff0dda01333f2af291ebfcd5ae3f1d54c93326718a9c1b613613", [:mix], [{:relx, "~> 3.5", [hex: :relx, optional: false]}]},
  "faker": {:hex, :faker, "0.6.0", "2d2ff0879d6b10fab5fb47eb2c1149b811e4af780a17022aa249deb3a7156d2b", [:mix], []},
  "getopt": {:hex, :getopt, "0.8.2", "b17556db683000ba50370b16c0619df1337e7af7ecbf7d64fbf8d1d6bce3109b", [:rebar], []},
  "gettext": {:hex, :gettext, "0.11.0", "80c1dd42d270482418fa158ec5ba073d2980e3718bacad86f3d4ad71d5667679", [:mix], []},
  "hackney": {:hex, :hackney, "1.6.1", "ddd22d42db2b50e6a155439c8811b8f6df61a4395de10509714ad2751c6da817", [:rebar3], [{:certifi, "0.4.0", [hex: :certifi, optional: false]}, {:idna, "1.2.0", [hex: :idna, optional: false]}, {:metrics, "1.0.1", [hex: :metrics, optional: false]}, {:mimerl, "1.0.2", [hex: :mimerl, optional: false]}, {:ssl_verify_fun, "1.1.0", [hex: :ssl_verify_fun, optional: false]}]},
  "idna": {:hex, :idna, "1.2.0", "ac62ee99da068f43c50dc69acf700e03a62a348360126260e87f2b54eced86b2", [:rebar3], []},
  "inch_ex": {:hex, :inch_ex, "0.5.1"},
  "jsx": {:hex, :jsx, "2.6.2", "213721e058da0587a4bce3cc8a00ff6684ced229c8f9223245c6ff2c88fbaa5a", [:mix, :rebar], []},
  "metrics": {:hex, :metrics, "1.0.1", "25f094dea2cda98213cecc3aeff09e940299d950904393b2a29d191c346a8486", [:rebar3], []},
  "mimerl": {:hex, :mimerl, "1.0.2", "993f9b0e084083405ed8252b99460c4f0563e41729ab42d9074fd5e52439be88", [:rebar3], []},
  "poison": {:hex, :poison, "2.1.0"},
  "providers": {:hex, :providers, "1.6.0", "db0e2f9043ae60c0155205fcd238d68516331d0e5146155e33d1e79dc452964a", [:rebar3], [{:getopt, "0.8.2", [hex: :getopt, optional: false]}]},
  "relx": {:hex, :relx, "3.18.0", "02a27d8250c7f5c7a19f3ec60e15311a877ae4a7b76f4588ec03525c7de1842d", [:rebar3], [{:bbmustache, "1.0.4", [hex: :bbmustache, optional: false]}, {:cf, "0.2.1", [hex: :cf, optional: false]}, {:erlware_commons, "0.19.0", [hex: :erlware_commons, optional: false]}, {:getopt, "0.8.2", [hex: :getopt, optional: false]}, {:providers, "1.6.0", [hex: :providers, optional: false]}]},
  "ssl_verify_fun": {:hex, :ssl_verify_fun, "1.1.0", "edee20847c42e379bf91261db474ffbe373f8acb56e9079acb6038d4e0bf414f", [:rebar, :make], []},
  "ssl_verify_hostname": {:hex, :ssl_verify_hostname, "1.0.5", "2e73e068cd6393526f9fa6d399353d7c9477d6886ba005f323b592d389fb47be", [:make], []},
  "swab": {:git, "https://github.com/crownedgrouse/swab.git", "1610c706d07c82a9c8f6129a8cb6a0e8ac8e6fcd", [branch: "master"]},
  "timex": {:hex, :timex, "3.0.4", "672fd9cf6d887759d801a404e7b5072a1161e1ca6d8f2977b7e3e40b1d6d65e1", [:mix], [{:combine, "~> 0.7", [hex: :combine, optional: false]}, {:gettext, "~> 0.10", [hex: :gettext, optional: false]}, {:tzdata, "~> 0.1.8 or ~> 0.5", [hex: :tzdata, optional: false]}]},
  "tzdata": {:hex, :tzdata, "0.5.8", "a4ffe564783c6519e4df230a5d0e1cf44b7db7f576bcae76d05540b5da5b6143", [:mix], [{:hackney, "~> 1.0", [hex: :hackney, optional: false]}]},
  "vex": {:hex, :vex, "0.5.5", "d1c79c1cfba39d400df16c1653a81f1ea7d485a9983dd1a54568e35eafad17fa", [:mix], []}}
