%{"bbmustache": {:hex, :bbmustache, "1.0.4"},
  "certifi": {:hex, :certifi, "0.3.0"},
  "cf": {:hex, :cf, "0.2.1"},
  "combine": {:hex, :combine, "0.7.0"},
  "erlware_commons": {:git, "https://github.com/erlware/erlware_commons.git", "8a325c02912a20a877d861cc72021505c145daaa", []},
  "exrm": {:git, "https://github.com/bitwalker/exrm.git", "af2ef9b5709e10468106f766aa0e71f7434624a7", [branch: "master"]},
  "getopt": {:hex, :getopt, "0.8.2"},
  "hackney": {:hex, :hackney, "1.4.8"},
  "idna": {:hex, :idna, "1.0.3"},
  "mimerl": {:hex, :mimerl, "1.0.2"},
  "providers": {:hex, :providers, "1.6.0"},
  "relx": {:hex, :relx, "3.17.0"},
  "ssl_verify_hostname": {:hex, :ssl_verify_hostname, "1.0.5"},
  "timex": {:hex, :timex, "1.0.1"},
  "tzdata": {:hex, :tzdata, "0.5.6"}}
